
Microsoft Visual Studio Solution File, Format Version 12.00
# Visual Studio Version 17
VisualStudioVersion = 17.6.33723.286
MinimumVisualStudioVersion = 10.0.40219.1
Project("{FAE04EC0-301F-11D3-BF4B-00C04F79EFBC}") = "ASPCurdOprations", "ASPCurdOprations\ASPCurdOprations.csproj", "{AEE15D9A-3897-456B-8395-C5836B0EE523}"
EndProject
Global
	GlobalSection(SolutionConfigurationPlatforms) = preSolution
		Debug|Any CPU = Debug|Any CPU
		Release|Any CPU = Release|Any CPU
	EndGlobalSection
	GlobalSection(ProjectConfigurationPlatforms) = postSolution
		{AEE15D9A-3897-456B-8395-C5836B0EE523}.Debug|Any CPU.ActiveCfg = Debug|Any CPU
		{AEE15D9A-3897-456B-8395-C5836B0EE523}.Debug|Any CPU.Build.0 = Debug|Any CPU
		{AEE15D9A-3897-456B-8395-C5836B0EE523}.Release|Any CPU.ActiveCfg = Release|Any CPU
		{AEE15D9A-3897-456B-8395-C5836B0EE523}.Release|Any CPU.Build.0 = Release|Any CPU
	EndGlobalSection
	GlobalSection(SolutionProperties) = preSolution
		HideSolutionNode = FALSE
	EndGlobalSection
	GlobalSection(ExtensibilityGlobals) = postSolution
		SolutionGuid = {6E69CB68-775F-4DC5-8913-876F1ABF0F87}
	EndGlobalSection
EndGlobal
